
Microsoft Visual Studio Solution File, Format Version 12.00
# Visual Studio Version 16
VisualStudioVersion = 16.0.32802.440
MinimumVisualStudioVersion = 10.0.40219.1
Project("{8BC9CEB8-8B4A-11D0-8D11-00A0C91BC942}") = "project_taxi", "project_taxi\project_taxi.vcxproj", "{BD46FD46-2957-43B5-9862-6DDD15B1D053}"
EndProject
Global
	GlobalSection(SolutionConfigurationPlatforms) = preSolution
		Debug|x64 = Debug|x64
		Debug|x86 = Debug|x86
		Release|x64 = Release|x64
		Release|x86 = Release|x86
	EndGlobalSection
	GlobalSection(ProjectConfigurationPlatforms) = postSolution
		{BD46FD46-2957-43B5-9862-6DDD15B1D053}.Debug|x64.ActiveCfg = Debug|x64
		{BD46FD46-2957-43B5-9862-6DDD15B1D053}.Debug|x64.Build.0 = Debug|x64
		{BD46FD46-2957-43B5-9862-6DDD15B1D053}.Debug|x86.ActiveCfg = Debug|Win32
		{BD46FD46-2957-43B5-9862-6DDD15B1D053}.Debug|x86.Build.0 = Debug|Win32
		{BD46FD46-2957-43B5-9862-6DDD15B1D053}.Release|x64.ActiveCfg = Release|x64
		{BD46FD46-2957-43B5-9862-6DDD15B1D053}.Release|x64.Build.0 = Release|x64
		{BD46FD46-2957-43B5-9862-6DDD15B1D053}.Release|x86.ActiveCfg = Release|Win32
		{BD46FD46-2957-43B5-9862-6DDD15B1D053}.Release|x86.Build.0 = Release|Win32
	EndGlobalSection
	GlobalSection(SolutionProperties) = preSolution
		HideSolutionNode = FALSE
	EndGlobalSection
	GlobalSection(ExtensibilityGlobals) = postSolution
		SolutionGuid = {F0B23AED-19EF-4AA2-81E8-969FCA25BD89}
	EndGlobalSection
EndGlobal
